// !$*UTF8*$!
{
	archiveVersion = 1;
	classes = {
	};
	objectVersion = 46;
	objects = {

/* Begin PBXBuildFile section */
		397BFD561F3C3A17005F1C3B /* LimitCellSelect.h in Headers */ = {isa = PBXBuildFile; fileRef = 397BFD541F3C3A17005F1C3B /* LimitCellSelect.h */; settings = {ATTRIBUTES = (Public, ); }; };
		397BFD5D1F3C3ADE005F1C3B /* LimitCellSelect.swift in Sources */ = {isa = PBXBuildFile; fileRef = 397BFD5C1F3C3ADE005F1C3B /* LimitCellSelect.swift */; };
		397BFD651F3C3FC8005F1C3B /* AppDelegate.swift in Sources */ = {isa = PBXBuildFile; fileRef = 397BFD641F3C3FC8005F1C3B /* AppDelegate.swift */; };
		397BFD671F3C3FC8005F1C3B /* ViewController.swift in Sources */ = {isa = PBXBuildFile; fileRef = 397BFD661F3C3FC8005F1C3B /* ViewController.swift */; };
		397BFD6A1F3C3FC8005F1C3B /* Main.storyboard in Resources */ = {isa = PBXBuildFile; fileRef = 397BFD681F3C3FC8005F1C3B /* Main.storyboard */; };
		397BFD6C1F3C3FC8005F1C3B /* Assets.xcassets in Resources */ = {isa = PBXBuildFile; fileRef = 397BFD6B1F3C3FC8005F1C3B /* Assets.xcassets */; };
		397BFD6F1F3C3FC8005F1C3B /* LaunchScreen.storyboard in Resources */ = {isa = PBXBuildFile; fileRef = 397BFD6D1F3C3FC8005F1C3B /* LaunchScreen.storyboard */; };
/* End PBXBuildFile section */

/* Begin PBXFileReference section */
		397BFD511F3C3A17005F1C3B /* LimitCellSelect.framework */ = {isa = PBXFileReference; explicitFileType = wrapper.framework; includeInIndex = 0; path = LimitCellSelect.framework; sourceTree = BUILT_PRODUCTS_DIR; };
		397BFD541F3C3A17005F1C3B /* LimitCellSelect.h */ = {isa = PBXFileReference; lastKnownFileType = sourcecode.c.h; path = LimitCellSelect.h; sourceTree = "<group>"; };
		397BFD551F3C3A17005F1C3B /* Info.plist */ = {isa = PBXFileReference; lastKnownFileType = text.plist.xml; path = Info.plist; sourceTree = "<group>"; };
		397BFD5C1F3C3ADE005F1C3B /* LimitCellSelect.swift */ = {isa = PBXFileReference; fileEncoding = 4; lastKnownFileType = sourcecode.swift; path = LimitCellSelect.swift; sourceTree = "<group>"; };
		397BFD621F3C3FC8005F1C3B /* LimitCellSelectDemo.app */ = {isa = PBXFileReference; explicitFileType = wrapper.application; includeInIndex = 0; path = LimitCellSelectDemo.app; sourceTree = BUILT_PRODUCTS_DIR; };
		397BFD641F3C3FC8005F1C3B /* AppDelegate.swift */ = {isa = PBXFileReference; lastKnownFileType = sourcecode.swift; path = AppDelegate.swift; sourceTree = "<group>"; };
		397BFD661F3C3FC8005F1C3B /* ViewController.swift */ = {isa = PBXFileReference; lastKnownFileType = sourcecode.swift; path = ViewController.swift; sourceTree = "<group>"; };
		397BFD691F3C3FC8005F1C3B /* Base */ = {isa = PBXFileReference; lastKnownFileType = file.storyboard; name = Base; path = Base.lproj/Main.storyboard; sourceTree = "<group>"; };
		397BFD6B1F3C3FC8005F1C3B /* Assets.xcassets */ = {isa = PBXFileReference; lastKnownFileType = folder.assetcatalog; path = Assets.xcassets; sourceTree = "<group>"; };
		397BFD6E1F3C3FC8005F1C3B /* Base */ = {isa = PBXFileReference; lastKnownFileType = file.storyboard; name = Base; path = Base.lproj/LaunchScreen.storyboard; sourceTree = "<group>"; };
		397BFD701F3C3FC8005F1C3B /* Info.plist */ = {isa = PBXFileReference; lastKnownFileType = text.plist.xml; path = Info.plist; sourceTree = "<group>"; };
/* End PBXFileReference section */

/* Begin PBXFrameworksBuildPhase section */
		397BFD4D1F3C3A17005F1C3B /* Frameworks */ = {
			isa = PBXFrameworksBuildPhase;
			buildActionMask = 2147483647;
			files = (
			);
			runOnlyForDeploymentPostprocessing = 0;
		};
		397BFD5F1F3C3FC8005F1C3B /* Frameworks */ = {
			isa = PBXFrameworksBuildPhase;
			buildActionMask = 2147483647;
			files = (
			);
			runOnlyForDeploymentPostprocessing = 0;
		};
/* End PBXFrameworksBuildPhase section */

/* Begin PBXGroup section */
		397BFD471F3C3A17005F1C3B = {
			isa = PBXGroup;
			children = (
				397BFD531F3C3A17005F1C3B /* LimitCellSelect */,
				397BFD631F3C3FC8005F1C3B /* LimitCellSelectDemo */,
				397BFD521F3C3A17005F1C3B /* Products */,
			);
			sourceTree = "<group>";
		};
		397BFD521F3C3A17005F1C3B /* Products */ = {
			isa = PBXGroup;
			children = (
				397BFD511F3C3A17005F1C3B /* LimitCellSelect.framework */,
				397BFD621F3C3FC8005F1C3B /* LimitCellSelectDemo.app */,
			);
			name = Products;
			sourceTree = "<group>";
		};
		397BFD531F3C3A17005F1C3B /* LimitCellSelect */ = {
			isa = PBXGroup;
			children = (
				397BFD541F3C3A17005F1C3B /* LimitCellSelect.h */,
				397BFD551F3C3A17005F1C3B /* Info.plist */,
				397BFD5C1F3C3ADE005F1C3B /* LimitCellSelect.swift */,
			);
			path = LimitCellSelect;
			sourceTree = "<group>";
		};
		397BFD631F3C3FC8005F1C3B /* LimitCellSelectDemo */ = {
			isa = PBXGroup;
			children = (
				397BFD641F3C3FC8005F1C3B /* AppDelegate.swift */,
				397BFD661F3C3FC8005F1C3B /* ViewController.swift */,
				397BFD681F3C3FC8005F1C3B /* Main.storyboard */,
				397BFD6B1F3C3FC8005F1C3B /* Assets.xcassets */,
				397BFD6D1F3C3FC8005F1C3B /* LaunchScreen.storyboard */,
				397BFD701F3C3FC8005F1C3B /* Info.plist */,
			);
			path = LimitCellSelectDemo;
			sourceTree = "<group>";
		};
/* End PBXGroup section */

/* Begin PBXHeadersBuildPhase section */
		397BFD4E1F3C3A17005F1C3B /* Headers */ = {
			isa = PBXHeadersBuildPhase;
			buildActionMask = 2147483647;
			files = (
				397BFD561F3C3A17005F1C3B /* LimitCellSelect.h in Headers */,
			);
			runOnlyForDeploymentPostprocessing = 0;
		};
/* End PBXHeadersBuildPhase section */

/* Begin PBXNativeTarget section */
		397BFD501F3C3A17005F1C3B /* LimitCellSelect */ = {
			isa = PBXNativeTarget;
			buildConfigurationList = 397BFD591F3C3A17005F1C3B /* Build configuration list for PBXNativeTarget "LimitCellSelect" */;
			buildPhases = (
				397BFD4C1F3C3A17005F1C3B /* Sources */,
				397BFD4D1F3C3A17005F1C3B /* Frameworks */,
				397BFD4E1F3C3A17005F1C3B /* Headers */,
				397BFD4F1F3C3A17005F1C3B /* Resources */,
			);
			buildRules = (
			);
			dependencies = (
			);
			name = LimitCellSelect;
			productName = LimitCellSelect;
			productReference = 397BFD511F3C3A17005F1C3B /* LimitCellSelect.framework */;
			productType = "com.apple.product-type.framework";
		};
		397BFD611F3C3FC8005F1C3B /* LimitCellSelectDemo */ = {
			isa = PBXNativeTarget;
			buildConfigurationList = 397BFD711F3C3FC8005F1C3B /* Build configuration list for PBXNativeTarget "LimitCellSelectDemo" */;
			buildPhases = (
				397BFD5E1F3C3FC8005F1C3B /* Sources */,
				397BFD5F1F3C3FC8005F1C3B /* Frameworks */,
				397BFD601F3C3FC8005F1C3B /* Resources */,
			);
			buildRules = (
			);
			dependencies = (
			);
			name = LimitCellSelectDemo;
			productName = LimitCellSelectDemo;
			productReference = 397BFD621F3C3FC8005F1C3B /* LimitCellSelectDemo.app */;
			productType = "com.apple.product-type.application";
		};
/* End PBXNativeTarget section */

/* Begin PBXProject section */
		397BFD481F3C3A17005F1C3B /* Project object */ = {
			isa = PBXProject;
			attributes = {
				LastSwiftUpdateCheck = 0830;
				LastUpgradeCheck = 0830;
				ORGANIZATIONNAME = jeasung.lee;
				TargetAttributes = {
					397BFD501F3C3A17005F1C3B = {
						CreatedOnToolsVersion = 8.3.3;
						LastSwiftMigration = 0830;
						ProvisioningStyle = Automatic;
					};
					397BFD611F3C3FC8005F1C3B = {
						CreatedOnToolsVersion = 8.3.3;
						ProvisioningStyle = Automatic;
					};
				};
			};
			buildConfigurationList = 397BFD4B1F3C3A17005F1C3B /* Build configuration list for PBXProject "LimitCellSelect" */;
			compatibilityVersion = "Xcode 3.2";
			developmentRegion = English;
			hasScannedForEncodings = 0;
			knownRegions = (
				en,
				Base,
			);
			mainGroup = 397BFD471F3C3A17005F1C3B;
			productRefGroup = 397BFD521F3C3A17005F1C3B /* Products */;
			projectDirPath = "";
			projectRoot = "";
			targets = (
				397BFD501F3C3A17005F1C3B /* LimitCellSelect */,
				397BFD611F3C3FC8005F1C3B /* LimitCellSelectDemo */,
			);
		};
/* End PBXProject section */

/* Begin PBXResourcesBuildPhase section */
		397BFD4F1F3C3A17005F1C3B /* Resources */ = {
			isa = PBXResourcesBuildPhase;
			buildActionMask = 2147483647;
			files = (
			);
			runOnlyForDeploymentPostprocessing = 0;
		};
		397BFD601F3C3FC8005F1C3B /* Resources */ = {
			isa = PBXResourcesBuildPhase;
			buildActionMask = 2147483647;
			files = (
				397BFD6F1F3C3FC8005F1C3B /* LaunchScreen.storyboard in Resources */,
				397BFD6C1F3C3FC8005F1C3B /* Assets.xcassets in Resources */,
				397BFD6A1F3C3FC8005F1C3B /* Main.storyboard in Resources */,
			);
			runOnlyForDeploymentPostprocessing = 0;
		};
/* End PBXResourcesBuildPhase section */

/* Begin PBXSourcesBuildPhase section */
		397BFD4C1F3C3A17005F1C3B /* Sources */ = {
			isa = PBXSourcesBuildPhase;
			buildActionMask = 2147483647;
			files = (
				397BFD5D1F3C3ADE005F1C3B /* LimitCellSelect.swift in Sources */,
			);
			runOnlyForDeploymentPostprocessing = 0;
		};
		397BFD5E1F3C3FC8005F1C3B /* Sources */ = {
			isa = PBXSourcesBuildPhase;
			buildActionMask = 2147483647;
			files = (
				397BFD671F3C3FC8005F1C3B /* ViewController.swift in Sources */,
				397BFD651F3C3FC8005F1C3B /* AppDelegate.swift in Sources */,
			);
			runOnlyForDeploymentPostprocessing = 0;
		};
/* End PBXSourcesBuildPhase section */

/* Begin PBXVariantGroup section */
		397BFD681F3C3FC8005F1C3B /* Main.storyboard */ = {
			isa = PBXVariantGroup;
			children = (
				397BFD691F3C3FC8005F1C3B /* Base */,
			);
			name = Main.storyboard;
			sourceTree = "<group>";
		};
		397BFD6D1F3C3FC8005F1C3B /* LaunchScreen.storyboard */ = {
			isa = PBXVariantGroup;
			children = (
				397BFD6E1F3C3FC8005F1C3B /* Base */,
			);
			name = LaunchScreen.storyboard;
			sourceTree = "<group>";
		};
/* End PBXVariantGroup section */

/* Begin XCBuildConfiguration section */
		397BFD571F3C3A17005F1C3B /* Debug */ = {
			isa = XCBuildConfiguration;
			buildSettings = {
				ALWAYS_SEARCH_USER_PATHS = NO;
				CLANG_ANALYZER_NONNULL = YES;
				CLANG_ANALYZER_NUMBER_OBJECT_CONVERSION = YES_AGGRESSIVE;
				CLANG_CXX_LANGUAGE_STANDARD = "gnu++0x";
				CLANG_CXX_LIBRARY = "libc++";
				CLANG_ENABLE_MODULES = YES;
				CLANG_ENABLE_OBJC_ARC = YES;
				CLANG_WARN_BOOL_CONVERSION = YES;
				CLANG_WARN_CONSTANT_CONVERSION = YES;
				CLANG_WARN_DIRECT_OBJC_ISA_USAGE = YES_ERROR;
				CLANG_WARN_DOCUMENTATION_COMMENTS = YES;
				CLANG_WARN_EMPTY_BODY = YES;
				CLANG_WARN_ENUM_CONVERSION = YES;
				CLANG_WARN_INFINITE_RECURSION = YES;
				CLANG_WARN_INT_CONVERSION = YES;
				CLANG_WARN_OBJC_ROOT_CLASS = YES_ERROR;
				CLANG_WARN_SUSPICIOUS_MOVE = YES;
				CLANG_WARN_UNREACHABLE_CODE = YES;
				CLANG_WARN__DUPLICATE_METHOD_MATCH = YES;
				"CODE_SIGN_IDENTITY[sdk=iphoneos*]" = "iPhone Developer";
				COPY_PHASE_STRIP = NO;
				CURRENT_PROJECT_VERSION = 1;
				DEBUG_INFORMATION_FORMAT = dwarf;
				ENABLE_STRICT_OBJC_MSGSEND = YES;
				ENABLE_TESTABILITY = YES;
				GCC_C_LANGUAGE_STANDARD = gnu99;
				GCC_DYNAMIC_NO_PIC = NO;
				GCC_NO_COMMON_BLOCKS = YES;
				GCC_OPTIMIZATION_LEVEL = 0;
				GCC_PREPROCESSOR_DEFINITIONS = (
					"DEBUG=1",
					"$(inherited)",
				);
				GCC_WARN_64_TO_32_BIT_CONVERSION = YES;
				GCC_WARN_ABOUT_RETURN_TYPE = YES_ERROR;
				GCC_WARN_UNDECLARED_SELECTOR = YES;
				GCC_WARN_UNINITIALIZED_AUTOS = YES_AGGRESSIVE;
				GCC_WARN_UNUSED_FUNCTION = YES;
				GCC_WARN_UNUSED_VARIABLE = YES;
				IPHONEOS_DEPLOYMENT_TARGET = 10.3;
				MTL_ENABLE_DEBUG_INFO = YES;
				ONLY_ACTIVE_ARCH = YES;
				SDKROOT = iphoneos;
				SWIFT_ACTIVE_COMPILATION_CONDITIONS = DEBUG;
				SWIFT_OPTIMIZATION_LEVEL = "-Onone";
				TARGETED_DEVICE_FAMILY = "1,2";
				VERSIONING_SYSTEM = "apple-generic";
				VERSION_INFO_PREFIX = "";
			};
			name = Debug;
		};
		397BFD581F3C3A17005F1C3B /* Release */ = {
			isa = XCBuildConfiguration;
			buildSettings = {
				ALWAYS_SEARCH_USER_PATHS = NO;
				CLANG_ANALYZER_NONNULL = YES;
				CLANG_ANALYZER_NUMBER_OBJECT_CONVERSION = YES_AGGRESSIVE;
				CLANG_CXX_LANGUAGE_STANDARD = "gnu++0x";
				CLANG_CXX_LIBRARY = "libc++";
				CLANG_ENABLE_MODULES = YES;
				CLANG_ENABLE_OBJC_ARC = YES;
				CLANG_WARN_BOOL_CONVERSION = YES;
				CLANG_WARN_CONSTANT_CONVERSION = YES;
				CLANG_WARN_DIRECT_OBJC_ISA_USAGE = YES_ERROR;
				CLANG_WARN_DOCUMENTATION_COMMENTS = YES;
				CLANG_WARN_EMPTY_BODY = YES;
				CLANG_WARN_ENUM_CONVERSION = YES;
				CLANG_WARN_INFINITE_RECURSION = YES;
				CLANG_WARN_INT_CONVERSION = YES;
				CLANG_WARN_OBJC_ROOT_CLASS = YES_ERROR;
				CLANG_WARN_SUSPICIOUS_MOVE = YES;
				CLANG_WARN_UNREACHABLE_CODE = YES;
				CLANG_WARN__DUPLICATE_METHOD_MATCH = YES;
				"CODE_SIGN_IDENTITY[sdk=iphoneos*]" = "iPhone Developer";
				COPY_PHASE_STRIP = NO;
				CURRENT_PROJECT_VERSION = 1;
				DEBUG_INFORMATION_FORMAT = "dwarf-with-dsym";
				ENABLE_NS_ASSERTIONS = NO;
				ENABLE_STRICT_OBJC_MSGSEND = YES;
				GCC_C_LANGUAGE_STANDARD = gnu99;
				GCC_NO_COMMON_BLOCKS = YES;
				GCC_WARN_64_TO_32_BIT_CONVERSION = YES;
				GCC_WARN_ABOUT_RETURN_TYPE = YES_ERROR;
				GCC_WARN_UNDECLARED_SELECTOR = YES;
				GCC_WARN_UNINITIALIZED_AUTOS = YES_AGGRESSIVE;
				GCC_WARN_UNUSED_FUNCTION = YES;
				GCC_WARN_UNUSED_VARIABLE = YES;
				IPHONEOS_DEPLOYMENT_TARGET = 10.3;
				MTL_ENABLE_DEBUG_INFO = NO;
				SDKROOT = iphoneos;
				SWIFT_OPTIMIZATION_LEVEL = "-Owholemodule";
				TARGETED_DEVICE_FAMILY = "1,2";
				VALIDATE_PRODUCT = YES;
				VERSIONING_SYSTEM = "apple-generic";
				VERSION_INFO_PREFIX = "";
			};
			name = Release;
		};
		397BFD5A1F3C3A17005F1C3B /* Debug */ = {
			isa = XCBuildConfiguration;
			buildSettings = {
				CLANG_ENABLE_MODULES = YES;
				CODE_SIGN_IDENTITY = "";
				DEFINES_MODULE = YES;
				DYLIB_COMPATIBILITY_VERSION = 1;
				DYLIB_CURRENT_VERSION = 1;
				DYLIB_INSTALL_NAME_BASE = "@rpath";
				INFOPLIST_FILE = LimitCellSelect/Info.plist;
				INSTALL_PATH = "$(LOCAL_LIBRARY_DIR)/Frameworks";
				IPHONEOS_DEPLOYMENT_TARGET = 9.0;
				LD_RUNPATH_SEARCH_PATHS = "$(inherited) @executable_path/Frameworks @loader_path/Frameworks";
				PRODUCT_BUNDLE_IDENTIFIER = com.kaskay.jeasungLee.LimitCellSelect;
				PRODUCT_NAME = "$(TARGET_NAME)";
				SKIP_INSTALL = YES;
				SWIFT_OPTIMIZATION_LEVEL = "-Onone";
				SWIFT_VERSION = 3.0;
			};
			name = Debug;
		};
		397BFD5B1F3C3A17005F1C3B /* Release */ = {
			isa = XCBuildConfiguration;
			buildSettings = {
				CLANG_ENABLE_MODULES = YES;
				CODE_SIGN_IDENTITY = "";
				DEFINES_MODULE = YES;
				DYLIB_COMPATIBILITY_VERSION = 1;
				DYLIB_CURRENT_VERSION = 1;
				DYLIB_INSTALL_NAME_BASE = "@rpath";
				INFOPLIST_FILE = LimitCellSelect/Info.plist;
				INSTALL_PATH = "$(LOCAL_LIBRARY_DIR)/Frameworks";
				IPHONEOS_DEPLOYMENT_TARGET = 9.0;
				LD_RUNPATH_SEARCH_PATHS = "$(inherited) @executable_path/Frameworks @loader_path/Frameworks";
				PRODUCT_BUNDLE_IDENTIFIER = com.kaskay.jeasungLee.LimitCellSelect;
				PRODUCT_NAME = "$(TARGET_NAME)";
				SKIP_INSTALL = YES;
				SWIFT_VERSION = 3.0;
			};
			name = Release;
		};
		397BFD721F3C3FC8005F1C3B /* Debug */ = {
			isa = XCBuildConfiguration;
			buildSettings = {
				ASSETCATALOG_COMPILER_APPICON_NAME = AppIcon;
				INFOPLIST_FILE = LimitCellSelectDemo/Info.plist;
				IPHONEOS_DEPLOYMENT_TARGET = 9.0;
				LD_RUNPATH_SEARCH_PATHS = "$(inherited) @executable_path/Frameworks";
				PRODUCT_BUNDLE_IDENTIFIER = com.kaskay.jeasungLee.LimitCellSelectDemo;
				PRODUCT_NAME = "$(TARGET_NAME)";
				SWIFT_VERSION = 3.0;
			};
			name = Debug;
		};
		397BFD731F3C3FC8005F1C3B /* Release */ = {
			isa = XCBuildConfiguration;
			buildSettings = {
				ASSETCATALOG_COMPILER_APPICON_NAME = AppIcon;
				INFOPLIST_FILE = LimitCellSelectDemo/Info.plist;
				IPHONEOS_DEPLOYMENT_TARGET = 9.0;
				LD_RUNPATH_SEARCH_PATHS = "$(inherited) @executable_path/Frameworks";
				PRODUCT_BUNDLE_IDENTIFIER = com.kaskay.jeasungLee.LimitCellSelectDemo;
				PRODUCT_NAME = "$(TARGET_NAME)";
				SWIFT_VERSION = 3.0;
			};
			name = Release;
		};
/* End XCBuildConfiguration section */

/* Begin XCConfigurationList section */
		397BFD4B1F3C3A17005F1C3B /* Build configuration list for PBXProject "LimitCellSelect" */ = {
			isa = XCConfigurationList;
			buildConfigurations = (
				397BFD571F3C3A17005F1C3B /* Debug */,
				397BFD581F3C3A17005F1C3B /* Release */,
			);
			defaultConfigurationIsVisible = 0;
			defaultConfigurationName = Release;
		};
		397BFD591F3C3A17005F1C3B /* Build configuration list for PBXNativeTarget "LimitCellSelect" */ = {
			isa = XCConfigurationList;
			buildConfigurations = (
				397BFD5A1F3C3A17005F1C3B /* Debug */,
				397BFD5B1F3C3A17005F1C3B /* Release */,
			);
			defaultConfigurationIsVisible = 0;
			defaultConfigurationName = Release;
		};
		397BFD711F3C3FC8005F1C3B /* Build configuration list for PBXNativeTarget "LimitCellSelectDemo" */ = {
			isa = XCConfigurationList;
			buildConfigurations = (
				397BFD721F3C3FC8005F1C3B /* Debug */,
				397BFD731F3C3FC8005F1C3B /* Release */,
			);
			defaultConfigurationIsVisible = 0;
		};
/* End XCConfigurationList section */
	};
	rootObject = 397BFD481F3C3A17005F1C3B /* Project object */;
}
